# This file is automatically @generated by Cargo.
# It is not intended for manual editing.
version = 4

[[package]]
name = "bitflags"
version = "2.13.0"
source = "registry+https://github.com/rust-lang/crates.io-index"
checksum = "b4388bee8683e3d04af747c73422af53102d2bd24d9eadb6cbc100baef4b43f8"

[[package]]
name = "extrum"
version = "0.1.3"
source = "registry+https://github.com/rust-lang/crates.io-index"
checksum = "37eb048fb996ff4a7450fa8cfe253456c03a2f0cf9e5f01fc5617f7d3105ae15"

[[package]]
name = "ketypes"
version = "0.1.0"
source = "git+https://github.com/Urriverse/ketypes.git?branch=main#ced88b54dacd2571ca05cbdb6fa7fc5745fe7865"
dependencies = [
 "bitflags",
 "extrum",
 "paste",
]

[[package]]
name = "nk"
version = "0.1.0"
dependencies = [
 "ketypes",
]

[[package]]
name = "paste"
version = "1.0.15"
source = "registry+https://github.com/rust-lang/crates.io-index"
checksum = "57c0d7b74b563b49d38dae00a0c37d4d6de9b432382b2892f0574ddcae73fd0a"
